// !$*UTF8*$!
{
	archiveVersion = 1;
	classes = {
	};
	objectVersion = 46;
	objects = {

/* Begin PBXBuildFile section */
		8861BEA01BAD5EF90067DECF /* AppDelegate.swift in Sources */ = {isa = PBXBuildFile; fileRef = 8861BE9F1BAD5EF90067DECF /* AppDelegate.swift */; };
		8861BEA21BAD5EF90067DECF /* ViewController.swift in Sources */ = {isa = PBXBuildFile; fileRef = 8861BEA11BAD5EF90067DECF /* ViewController.swift */; };
		8861BEA41BAD5EF90067DECF /* Assets.xcassets in Resources */ = {isa = PBXBuildFile; fileRef = 8861BEA31BAD5EF90067DECF /* Assets.xcassets */; };
		8861BEA71BAD5EF90067DECF /* Main.storyboard in Resources */ = {isa = PBXBuildFile; fileRef = 8861BEA51BAD5EF90067DECF /* Main.storyboard */; };
		8861BEB31BAD64BE0067DECF /* Localizable.strings in Resources */ = {isa = PBXBuildFile; fileRef = 8861BEB21BAD64BE0067DECF /* Localizable.strings */; };
		88C9D3E51D9CAE130096EF1E /* Polyglot.framework in Frameworks */ = {isa = PBXBuildFile; fileRef = 88C9D3E41D9CAE130096EF1E /* Polyglot.framework */; };
/* End PBXBuildFile section */

/* Begin PBXFileReference section */
		8861BE9C1BAD5EF90067DECF /* Polyglot Example.app */ = {isa = PBXFileReference; explicitFileType = wrapper.application; includeInIndex = 0; path = "Polyglot Example.app"; sourceTree = BUILT_PRODUCTS_DIR; };
		8861BE9F1BAD5EF90067DECF /* AppDelegate.swift */ = {isa = PBXFileReference; lastKnownFileType = sourcecode.swift; path = AppDelegate.swift; sourceTree = "<group>"; };
		8861BEA11BAD5EF90067DECF /* ViewController.swift */ = {isa = PBXFileReference; lastKnownFileType = sourcecode.swift; path = ViewController.swift; sourceTree = "<group>"; };
		8861BEA31BAD5EF90067DECF /* Assets.xcassets */ = {isa = PBXFileReference; lastKnownFileType = folder.assetcatalog; path = Assets.xcassets; sourceTree = "<group>"; };
		8861BEA61BAD5EF90067DECF /* Base */ = {isa = PBXFileReference; lastKnownFileType = file.storyboard; name = Base; path = Base.lproj/Main.storyboard; sourceTree = "<group>"; };
		8861BEA81BAD5EF90067DECF /* Info.plist */ = {isa = PBXFileReference; lastKnownFileType = text.plist.xml; path = Info.plist; sourceTree = "<group>"; };
		8861BEB21BAD64BE0067DECF /* Localizable.strings */ = {isa = PBXFileReference; fileEncoding = 4; lastKnownFileType = text.plist.strings; path = Localizable.strings; sourceTree = "<group>"; };
		88C9D3E41D9CAE130096EF1E /* Polyglot.framework */ = {isa = PBXFileReference; lastKnownFileType = wrapper.framework; name = Polyglot.framework; path = "../../../Library/Developer/Xcode/DerivedData/Polyglot-emifmlotymflpiaunmfguwudjbcl/Build/Products/Debug/Polyglot.framework"; sourceTree = "<group>"; };
/* End PBXFileReference section */

/* Begin PBXFrameworksBuildPhase section */
		8861BE991BAD5EF90067DECF /* Frameworks */ = {
			isa = PBXFrameworksBuildPhase;
			buildActionMask = 2147483647;
			files = (
				88C9D3E51D9CAE130096EF1E /* Polyglot.framework in Frameworks */,
			);
			runOnlyForDeploymentPostprocessing = 0;
		};
/* End PBXFrameworksBuildPhase section */

/* Begin PBXGroup section */
		8861BE931BAD5EF90067DECF = {
			isa = PBXGroup;
			children = (
				8861BE9E1BAD5EF90067DECF /* Source */,
				8861BE9D1BAD5EF90067DECF /* Products */,
				88C9D3E31D9CAE130096EF1E /* Frameworks */,
			);
			sourceTree = "<group>";
		};
		8861BE9D1BAD5EF90067DECF /* Products */ = {
			isa = PBXGroup;
			children = (
				8861BE9C1BAD5EF90067DECF /* Polyglot Example.app */,
			);
			name = Products;
			sourceTree = "<group>";
		};
		8861BE9E1BAD5EF90067DECF /* Source */ = {
			isa = PBXGroup;
			children = (
				8861BE9F1BAD5EF90067DECF /* AppDelegate.swift */,
				8861BEA11BAD5EF90067DECF /* ViewController.swift */,
				8861BEA31BAD5EF90067DECF /* Assets.xcassets */,
				8861BEA51BAD5EF90067DECF /* Main.storyboard */,
				8861BEA81BAD5EF90067DECF /* Info.plist */,
				8861BEB21BAD64BE0067DECF /* Localizable.strings */,
			);
			path = Source;
			sourceTree = "<group>";
		};
		88C9D3E31D9CAE130096EF1E /* Frameworks */ = {
			isa = PBXGroup;
			children = (
				88C9D3E41D9CAE130096EF1E /* Polyglot.framework */,
			);
			name = Frameworks;
			sourceTree = "<group>";
		};
/* End PBXGroup section */

/* Begin PBXNativeTarget section */
		8861BE9B1BAD5EF90067DECF /* Example OSX */ = {
			isa = PBXNativeTarget;
			buildConfigurationList = 8861BEAB1BAD5EF90067DECF /* Build configuration list for PBXNativeTarget "Example OSX" */;
			buildPhases = (
				8861BE981BAD5EF90067DECF /* Sources */,
				8861BE991BAD5EF90067DECF /* Frameworks */,
				8861BE9A1BAD5EF90067DECF /* Resources */,
			);
			buildRules = (
			);
			dependencies = (
			);
			name = "Example OSX";
			productName = "Example OSX";
			productReference = 8861BE9C1BAD5EF90067DECF /* Polyglot Example.app */;
			productType = "com.apple.product-type.application";
		};
/* End PBXNativeTarget section */

/* Begin PBXProject section */
		8861BE941BAD5EF90067DECF /* Project object */ = {
			isa = PBXProject;
			attributes = {
				LastSwiftUpdateCheck = 0700;
				LastUpgradeCheck = 1000;
				ORGANIZATIONNAME = "NEGU Soft";
				TargetAttributes = {
					8861BE9B1BAD5EF90067DECF = {
						CreatedOnToolsVersion = 7.0;
						LastSwiftMigration = 0900;
					};
				};
			};
			buildConfigurationList = 8861BE971BAD5EF90067DECF /* Build configuration list for PBXProject "Example OSX" */;
			compatibilityVersion = "Xcode 3.2";
			developmentRegion = English;
			hasScannedForEncodings = 0;
			knownRegions = (
				en,
				Base,
			);
			mainGroup = 8861BE931BAD5EF90067DECF;
			productRefGroup = 8861BE9D1BAD5EF90067DECF /* Products */;
			projectDirPath = "";
			projectRoot = "";
			targets = (
				8861BE9B1BAD5EF90067DECF /* Example OSX */,
			);
		};
/* End PBXProject section */

/* Begin PBXResourcesBuildPhase section */
		8861BE9A1BAD5EF90067DECF /* Resources */ = {
			isa = PBXResourcesBuildPhase;
			buildActionMask = 2147483647;
			files = (
				8861BEA41BAD5EF90067DECF /* Assets.xcassets in Resources */,
				8861BEB31BAD64BE0067DECF /* Localizable.strings in Resources */,
				8861BEA71BAD5EF90067DECF /* Main.storyboard in Resources */,
			);
			runOnlyForDeploymentPostprocessing = 0;
		};
/* End PBXResourcesBuildPhase section */

/* Begin PBXSourcesBuildPhase section */
		8861BE981BAD5EF90067DECF /* Sources */ = {
			isa = PBXSourcesBuildPhase;
			buildActionMask = 2147483647;
			files = (
				8861BEA21BAD5EF90067DECF /* ViewController.swift in Sources */,
				8861BEA01BAD5EF90067DECF /* AppDelegate.swift in Sources */,
			);
			runOnlyForDeploymentPostprocessing = 0;
		};
/* End PBXSourcesBuildPhase section */

/* Begin PBXVariantGroup section */
		8861BEA51BAD5EF90067DECF /* Main.storyboard */ = {
			isa = PBXVariantGroup;
			children = (
				8861BEA61BAD5EF90067DECF /* Base */,
			);
			name = Main.storyboard;
			sourceTree = "<group>";
		};
/* End PBXVariantGroup section */

/* Begin XCBuildConfiguration section */
		8861BEA91BAD5EF90067DECF /* Debug */ = {
			isa = XCBuildConfiguration;
			buildSettings = {
				ALWAYS_SEARCH_USER_PATHS = NO;
				CLANG_CXX_LANGUAGE_STANDARD = "gnu++0x";
				CLANG_CXX_LIBRARY = "libc++";
				CLANG_ENABLE_MODULES = YES;
				CLANG_ENABLE_OBJC_ARC = YES;
				CLANG_WARN_BLOCK_CAPTURE_AUTORELEASING = YES;
				CLANG_WARN_BOOL_CONVERSION = YES;
				CLANG_WARN_COMMA = YES;
				CLANG_WARN_CONSTANT_CONVERSION = YES;
				CLANG_WARN_DEPRECATED_OBJC_IMPLEMENTATIONS = YES;
				CLANG_WARN_DIRECT_OBJC_ISA_USAGE = YES_ERROR;
				CLANG_WARN_EMPTY_BODY = YES;
				CLANG_WARN_ENUM_CONVERSION = YES;
				CLANG_WARN_INFINITE_RECURSION = YES;
				CLANG_WARN_INT_CONVERSION = YES;
				CLANG_WARN_NON_LITERAL_NULL_CONVERSION = YES;
				CLANG_WARN_OBJC_IMPLICIT_RETAIN_SELF = YES;
				CLANG_WARN_OBJC_LITERAL_CONVERSION = YES;
				CLANG_WARN_OBJC_ROOT_CLASS = YES_ERROR;
				CLANG_WARN_RANGE_LOOP_ANALYSIS = YES;
				CLANG_WARN_STRICT_PROTOTYPES = YES;
				CLANG_WARN_SUSPICIOUS_MOVE = YES;
				CLANG_WARN_UNREACHABLE_CODE = YES;
				CLANG_WARN__DUPLICATE_METHOD_MATCH = YES;
				CODE_SIGN_IDENTITY = "-";
				COPY_PHASE_STRIP = NO;
				DEBUG_INFORMATION_FORMAT = dwarf;
				ENABLE_STRICT_OBJC_MSGSEND = YES;
				ENABLE_TESTABILITY = YES;
				GCC_C_LANGUAGE_STANDARD = gnu99;
				GCC_DYNAMIC_NO_PIC = NO;
				GCC_NO_COMMON_BLOCKS = YES;
				GCC_OPTIMIZATION_LEVEL = 0;
				GCC_PREPROCESSOR_DEFINITIONS = (
					"DEBUG=1",
					"$(inherited)",
				);
				GCC_WARN_64_TO_32_BIT_CONVERSION = YES;
				GCC_WARN_ABOUT_RETURN_TYPE = YES_ERROR;
				GCC_WARN_UNDECLARED_SELECTOR = YES;
				GCC_WARN_UNINITIALIZED_AUTOS = YES_AGGRESSIVE;
				GCC_WARN_UNUSED_FUNCTION = YES;
				GCC_WARN_UNUSED_VARIABLE = YES;
				MACOSX_DEPLOYMENT_TARGET = 10.10;
				MTL_ENABLE_DEBUG_INFO = YES;
				ONLY_ACTIVE_ARCH = YES;
				SDKROOT = macosx;
				SWIFT_OPTIMIZATION_LEVEL = "-Onone";
			};
			name = Debug;
		};
		8861BEAA1BAD5EF90067DECF /* Release */ = {
			isa = XCBuildConfiguration;
			buildSettings = {
				ALWAYS_SEARCH_USER_PATHS = NO;
				CLANG_CXX_LANGUAGE_STANDARD = "gnu++0x";
				CLANG_CXX_LIBRARY = "libc++";
				CLANG_ENABLE_MODULES = YES;
				CLANG_ENABLE_OBJC_ARC = YES;
				CLANG_WARN_BLOCK_CAPTURE_AUTORELEASING = YES;
				CLANG_WARN_BOOL_CONVERSION = YES;
				CLANG_WARN_COMMA = YES;
				CLANG_WARN_CONSTANT_CONVERSION = YES;
				CLANG_WARN_DEPRECATED_OBJC_IMPLEMENTATIONS = YES;
				CLANG_WARN_DIRECT_OBJC_ISA_USAGE = YES_ERROR;
				CLANG_WARN_EMPTY_BODY = YES;
				CLANG_WARN_ENUM_CONVERSION = YES;
				CLANG_WARN_INFINITE_RECURSION = YES;
				CLANG_WARN_INT_CONVERSION = YES;
				CLANG_WARN_NON_LITERAL_NULL_CONVERSION = YES;
				CLANG_WARN_OBJC_IMPLICIT_RETAIN_SELF = YES;
				CLANG_WARN_OBJC_LITERAL_CONVERSION = YES;
				CLANG_WARN_OBJC_ROOT_CLASS = YES_ERROR;
				CLANG_WARN_RANGE_LOOP_ANALYSIS = YES;
				CLANG_WARN_STRICT_PROTOTYPES = YES;
				CLANG_WARN_SUSPICIOUS_MOVE = YES;
				CLANG_WARN_UNREACHABLE_CODE = YES;
				CLANG_WARN__DUPLICATE_METHOD_MATCH = YES;
				CODE_SIGN_IDENTITY = "-";
				COPY_PHASE_STRIP = NO;
				DEBUG_INFORMATION_FORMAT = "dwarf-with-dsym";
				ENABLE_NS_ASSERTIONS = NO;
				ENABLE_STRICT_OBJC_MSGSEND = YES;
				GCC_C_LANGUAGE_STANDARD = gnu99;
				GCC_NO_COMMON_BLOCKS = YES;
				GCC_WARN_64_TO_32_BIT_CONVERSION = YES;
				GCC_WARN_ABOUT_RETURN_TYPE = YES_ERROR;
				GCC_WARN_UNDECLARED_SELECTOR = YES;
				GCC_WARN_UNINITIALIZED_AUTOS = YES_AGGRESSIVE;
				GCC_WARN_UNUSED_FUNCTION = YES;
				GCC_WARN_UNUSED_VARIABLE = YES;
				MACOSX_DEPLOYMENT_TARGET = 10.10;
				MTL_ENABLE_DEBUG_INFO = NO;
				SDKROOT = macosx;
				SWIFT_OPTIMIZATION_LEVEL = "-Owholemodule";
			};
			name = Release;
		};
		8861BEAC1BAD5EF90067DECF /* Debug */ = {
			isa = XCBuildConfiguration;
			buildSettings = {
				ASSETCATALOG_COMPILER_APPICON_NAME = AppIcon;
				COMBINE_HIDPI_IMAGES = YES;
				INFOPLIST_FILE = Source/Info.plist;
				LD_RUNPATH_SEARCH_PATHS = "$(inherited) @executable_path/../Frameworks";
				PRODUCT_BUNDLE_IDENTIFIER = "com.negusoft.Polyglot-OSX";
				PRODUCT_NAME = "Polyglot Example";
				SWIFT_VERSION = 4.2;
			};
			name = Debug;
		};
		8861BEAD1BAD5EF90067DECF /* Release */ = {
			isa = XCBuildConfiguration;
			buildSettings = {
				ASSETCATALOG_COMPILER_APPICON_NAME = AppIcon;
				COMBINE_HIDPI_IMAGES = YES;
				INFOPLIST_FILE = Source/Info.plist;
				LD_RUNPATH_SEARCH_PATHS = "$(inherited) @executable_path/../Frameworks";
				PRODUCT_BUNDLE_IDENTIFIER = "com.negusoft.Polyglot-OSX";
				PRODUCT_NAME = "Polyglot Example";
				SWIFT_VERSION = 4.2;
			};
			name = Release;
		};
/* End XCBuildConfiguration section */

/* Begin XCConfigurationList section */
		8861BE971BAD5EF90067DECF /* Build configuration list for PBXProject "Example OSX" */ = {
			isa = XCConfigurationList;
			buildConfigurations = (
				8861BEA91BAD5EF90067DECF /* Debug */,
				8861BEAA1BAD5EF90067DECF /* Release */,
			);
			defaultConfigurationIsVisible = 0;
			defaultConfigurationName = Release;
		};
		8861BEAB1BAD5EF90067DECF /* Build configuration list for PBXNativeTarget "Example OSX" */ = {
			isa = XCConfigurationList;
			buildConfigurations = (
				8861BEAC1BAD5EF90067DECF /* Debug */,
				8861BEAD1BAD5EF90067DECF /* Release */,
			);
			defaultConfigurationIsVisible = 0;
			defaultConfigurationName = Release;
		};
/* End XCConfigurationList section */
	};
	rootObject = 8861BE941BAD5EF90067DECF /* Project object */;
}
